
Microsoft Visual Studio Solution File, Format Version 12.00
# Visual Studio Version 17
VisualStudioVersion = 17.0.31903.59
MinimumVisualStudioVersion = 10.0.40219.1
Project("{2150E333-8FDC-42A3-9474-1A3956D46DE8}") = "src", "src", "{8F36D3E2-EDE7-4D35-ADE5-1DDDE55E97AC}"
EndProject
Project("{FAE04EC0-301F-11D3-BF4B-00C04F79EFBC}") = "Brokencca.Core", "src\Brokencca.Core\Brokencca.Core.csproj", "{10E010D1-C015-4425-A80D-33BBA6E5C6F1}"
EndProject
Project("{FAE04EC0-301F-11D3-BF4B-00C04F79EFBC}") = "Brokencca.Host", "src\Brokencca.Host\Brokencca.Host.csproj", "{08B57DFE-4BA6-4C58-9A34-BACDEC2606C2}"
EndProject
Project("{2150E333-8FDC-42A3-9474-1A3956D46DE8}") = "tests", "tests", "{E25EB0CC-60F9-44EB-A954-EEFD8DCED7C2}"
EndProject
Project("{FAE04EC0-301F-11D3-BF4B-00C04F79EFBC}") = "Brokencca.Tests", "tests\Brokencca.Tests\Brokencca.Tests.csproj", "{DC144D7F-F09C-41A8-92A0-5FBCC95D36A7}"
EndProject
Project("{2150E333-8FDC-42A3-9474-1A3956D46DE8}") = "tools", "tools", "{E9E9BC2A-D635-464A-A8EB-910781520E87}"
EndProject
Project("{FAE04EC0-301F-11D3-BF4B-00C04F79EFBC}") = "Brokencca.Simulator", "tools\Brokencca.Simulator\Brokencca.Simulator.csproj", "{41C8C99F-74BB-4972-AF15-4BDC7AB2ABFC}"
EndProject
Project("{FAE04EC0-301F-11D3-BF4B-00C04F79EFBC}") = "Brokencca.Capture.Windows", "src\Brokencca.Capture.Windows\Brokencca.Capture.Windows.csproj", "{222CDE77-A7D7-401E-8995-68BCF1322D83}"
EndProject
Project("{FAE04EC0-301F-11D3-BF4B-00C04F79EFBC}") = "Brokencca.CapturePreview", "tools\Brokencca.CapturePreview\Brokencca.CapturePreview.csproj", "{3C0484C3-7DB3-4548-9C78-D51030EEA121}"
EndProject
Project("{FAE04EC0-301F-11D3-BF4B-00C04F79EFBC}") = "Brokencca.CaptureFixture", "tools\Brokencca.CaptureFixture\Brokencca.CaptureFixture.csproj", "{B5ABAEEA-99B5-4C51-AC9F-3D600EABB85C}"
EndProject
Project("{FAE04EC0-301F-11D3-BF4B-00C04F79EFBC}") = "Brokencca.Video.Windows", "src\Brokencca.Video.Windows\Brokencca.Video.Windows.csproj", "{C7524531-5138-4BC4-A9F7-9B37843AF785}"
EndProject
Project("{FAE04EC0-301F-11D3-BF4B-00C04F79EFBC}") = "Brokencca.VideoProbe", "tools\Brokencca.VideoProbe\Brokencca.VideoProbe.csproj", "{BFE57777-E545-43D5-9B2E-D24B57EAA595}"
EndProject
Project("{FAE04EC0-301F-11D3-BF4B-00C04F79EFBC}") = "Brokencca.VideoTiming", "tools\Brokencca.VideoTiming\Brokencca.VideoTiming.csproj", "{DF6A816A-7BC5-4701-9108-5764E8AD7955}"
EndProject
Global
	GlobalSection(SolutionConfigurationPlatforms) = preSolution
		Debug|Any CPU = Debug|Any CPU
		Release|Any CPU = Release|Any CPU
	EndGlobalSection
	GlobalSection(SolutionProperties) = preSolution
		HideSolutionNode = FALSE
	EndGlobalSection
	GlobalSection(ProjectConfigurationPlatforms) = postSolution
		{10E010D1-C015-4425-A80D-33BBA6E5C6F1}.Debug|Any CPU.ActiveCfg = Debug|Any CPU
		{10E010D1-C015-4425-A80D-33BBA6E5C6F1}.Debug|Any CPU.Build.0 = Debug|Any CPU
		{10E010D1-C015-4425-A80D-33BBA6E5C6F1}.Release|Any CPU.ActiveCfg = Release|Any CPU
		{10E010D1-C015-4425-A80D-33BBA6E5C6F1}.Release|Any CPU.Build.0 = Release|Any CPU
		{08B57DFE-4BA6-4C58-9A34-BACDEC2606C2}.Debug|Any CPU.ActiveCfg = Debug|Any CPU
		{08B57DFE-4BA6-4C58-9A34-BACDEC2606C2}.Debug|Any CPU.Build.0 = Debug|Any CPU
		{08B57DFE-4BA6-4C58-9A34-BACDEC2606C2}.Release|Any CPU.ActiveCfg = Release|Any CPU
		{08B57DFE-4BA6-4C58-9A34-BACDEC2606C2}.Release|Any CPU.Build.0 = Release|Any CPU
		{DC144D7F-F09C-41A8-92A0-5FBCC95D36A7}.Debug|Any CPU.ActiveCfg = Debug|Any CPU
		{DC144D7F-F09C-41A8-92A0-5FBCC95D36A7}.Debug|Any CPU.Build.0 = Debug|Any CPU
		{DC144D7F-F09C-41A8-92A0-5FBCC95D36A7}.Release|Any CPU.ActiveCfg = Release|Any CPU
		{DC144D7F-F09C-41A8-92A0-5FBCC95D36A7}.Release|Any CPU.Build.0 = Release|Any CPU
		{41C8C99F-74BB-4972-AF15-4BDC7AB2ABFC}.Debug|Any CPU.ActiveCfg = Debug|Any CPU
		{41C8C99F-74BB-4972-AF15-4BDC7AB2ABFC}.Debug|Any CPU.Build.0 = Debug|Any CPU
		{41C8C99F-74BB-4972-AF15-4BDC7AB2ABFC}.Release|Any CPU.ActiveCfg = Release|Any CPU
		{41C8C99F-74BB-4972-AF15-4BDC7AB2ABFC}.Release|Any CPU.Build.0 = Release|Any CPU
		{222CDE77-A7D7-401E-8995-68BCF1322D83}.Debug|Any CPU.ActiveCfg = Debug|Any CPU
		{222CDE77-A7D7-401E-8995-68BCF1322D83}.Debug|Any CPU.Build.0 = Debug|Any CPU
		{222CDE77-A7D7-401E-8995-68BCF1322D83}.Release|Any CPU.ActiveCfg = Release|Any CPU
		{222CDE77-A7D7-401E-8995-68BCF1322D83}.Release|Any CPU.Build.0 = Release|Any CPU
		{3C0484C3-7DB3-4548-9C78-D51030EEA121}.Debug|Any CPU.ActiveCfg = Debug|Any CPU
		{3C0484C3-7DB3-4548-9C78-D51030EEA121}.Debug|Any CPU.Build.0 = Debug|Any CPU
		{3C0484C3-7DB3-4548-9C78-D51030EEA121}.Release|Any CPU.ActiveCfg = Release|Any CPU
		{3C0484C3-7DB3-4548-9C78-D51030EEA121}.Release|Any CPU.Build.0 = Release|Any CPU
		{B5ABAEEA-99B5-4C51-AC9F-3D600EABB85C}.Debug|Any CPU.ActiveCfg = Debug|Any CPU
		{B5ABAEEA-99B5-4C51-AC9F-3D600EABB85C}.Debug|Any CPU.Build.0 = Debug|Any CPU
		{B5ABAEEA-99B5-4C51-AC9F-3D600EABB85C}.Release|Any CPU.ActiveCfg = Release|Any CPU
		{B5ABAEEA-99B5-4C51-AC9F-3D600EABB85C}.Release|Any CPU.Build.0 = Release|Any CPU
		{C7524531-5138-4BC4-A9F7-9B37843AF785}.Debug|Any CPU.ActiveCfg = Debug|Any CPU
		{C7524531-5138-4BC4-A9F7-9B37843AF785}.Debug|Any CPU.Build.0 = Debug|Any CPU
		{C7524531-5138-4BC4-A9F7-9B37843AF785}.Release|Any CPU.ActiveCfg = Release|Any CPU
		{C7524531-5138-4BC4-A9F7-9B37843AF785}.Release|Any CPU.Build.0 = Release|Any CPU
		{BFE57777-E545-43D5-9B2E-D24B57EAA595}.Debug|Any CPU.ActiveCfg = Debug|Any CPU
		{BFE57777-E545-43D5-9B2E-D24B57EAA595}.Debug|Any CPU.Build.0 = Debug|Any CPU
		{BFE57777-E545-43D5-9B2E-D24B57EAA595}.Release|Any CPU.ActiveCfg = Release|Any CPU
		{BFE57777-E545-43D5-9B2E-D24B57EAA595}.Release|Any CPU.Build.0 = Release|Any CPU
		{DF6A816A-7BC5-4701-9108-5764E8AD7955}.Debug|Any CPU.ActiveCfg = Debug|Any CPU
		{DF6A816A-7BC5-4701-9108-5764E8AD7955}.Debug|Any CPU.Build.0 = Debug|Any CPU
		{DF6A816A-7BC5-4701-9108-5764E8AD7955}.Release|Any CPU.ActiveCfg = Release|Any CPU
		{DF6A816A-7BC5-4701-9108-5764E8AD7955}.Release|Any CPU.Build.0 = Release|Any CPU
	EndGlobalSection
	GlobalSection(NestedProjects) = preSolution
		{10E010D1-C015-4425-A80D-33BBA6E5C6F1} = {8F36D3E2-EDE7-4D35-ADE5-1DDDE55E97AC}
		{08B57DFE-4BA6-4C58-9A34-BACDEC2606C2} = {8F36D3E2-EDE7-4D35-ADE5-1DDDE55E97AC}
		{DC144D7F-F09C-41A8-92A0-5FBCC95D36A7} = {E25EB0CC-60F9-44EB-A954-EEFD8DCED7C2}
		{41C8C99F-74BB-4972-AF15-4BDC7AB2ABFC} = {E9E9BC2A-D635-464A-A8EB-910781520E87}
		{222CDE77-A7D7-401E-8995-68BCF1322D83} = {8F36D3E2-EDE7-4D35-ADE5-1DDDE55E97AC}
		{3C0484C3-7DB3-4548-9C78-D51030EEA121} = {E9E9BC2A-D635-464A-A8EB-910781520E87}
		{B5ABAEEA-99B5-4C51-AC9F-3D600EABB85C} = {E9E9BC2A-D635-464A-A8EB-910781520E87}
		{C7524531-5138-4BC4-A9F7-9B37843AF785} = {8F36D3E2-EDE7-4D35-ADE5-1DDDE55E97AC}
		{BFE57777-E545-43D5-9B2E-D24B57EAA595} = {E9E9BC2A-D635-464A-A8EB-910781520E87}
		{DF6A816A-7BC5-4701-9108-5764E8AD7955} = {E9E9BC2A-D635-464A-A8EB-910781520E87}
	EndGlobalSection
EndGlobal
