
Microsoft Visual Studio Solution File, Format Version 12.00
# Visual Studio Version 17
VisualStudioVersion = 17.0.31903.59
MinimumVisualStudioVersion = 10.0.40219.1
Project("{2150E333-8FDC-42A3-9474-1A3956D46DE8}") = "src", "src", "{8F36D3E2-EDE7-4D35-ADE5-1DDDE55E97AC}"
EndProject
Project("{FAE04EC0-301F-11D3-BF4B-00C04F79EFBC}") = "Brokencca.Core", "src\Brokencca.Core\Brokencca.Core.csproj", "{10E010D1-C015-4425-A80D-33BBA6E5C6F1}"
EndProject
Project("{FAE04EC0-301F-11D3-BF4B-00C04F79EFBC}") = "Brokencca.Host", "src\Brokencca.Host\Brokencca.Host.csproj", "{08B57DFE-4BA6-4C58-9A34-BACDEC2606C2}"
EndProject
Project("{2150E333-8FDC-42A3-9474-1A3956D46DE8}") = "tests", "tests", "{E25EB0CC-60F9-44EB-A954-EEFD8DCED7C2}"
EndProject
Project("{FAE04EC0-301F-11D3-BF4B-00C04F79EFBC}") = "Brokencca.Tests", "tests\Brokencca.Tests\Brokencca.Tests.csproj", "{DC144D7F-F09C-41A8-92A0-5FBCC95D36A7}"
EndProject
Project("{2150E333-8FDC-42A3-9474-1A3956D46DE8}") = "tools", "tools", "{E9E9BC2A-D635-464A-A8EB-910781520E87}"
EndProject
Project("{FAE04EC0-301F-11D3-BF4B-00C04F79EFBC}") = "Brokencca.Simulator", "tools\Brokencca.Simulator\Brokencca.Simulator.csproj", "{41C8C99F-74BB-4972-AF15-4BDC7AB2ABFC}"
EndProject
Global
	GlobalSection(SolutionConfigurationPlatforms) = preSolution
		Debug|Any CPU = Debug|Any CPU
		Release|Any CPU = Release|Any CPU
	EndGlobalSection
	GlobalSection(SolutionProperties) = preSolution
		HideSolutionNode = FALSE
	EndGlobalSection
	GlobalSection(ProjectConfigurationPlatforms) = postSolution
		{10E010D1-C015-4425-A80D-33BBA6E5C6F1}.Debug|Any CPU.ActiveCfg = Debug|Any CPU
		{10E010D1-C015-4425-A80D-33BBA6E5C6F1}.Debug|Any CPU.Build.0 = Debug|Any CPU
		{10E010D1-C015-4425-A80D-33BBA6E5C6F1}.Release|Any CPU.ActiveCfg = Release|Any CPU
		{10E010D1-C015-4425-A80D-33BBA6E5C6F1}.Release|Any CPU.Build.0 = Release|Any CPU
		{08B57DFE-4BA6-4C58-9A34-BACDEC2606C2}.Debug|Any CPU.ActiveCfg = Debug|Any CPU
		{08B57DFE-4BA6-4C58-9A34-BACDEC2606C2}.Debug|Any CPU.Build.0 = Debug|Any CPU
		{08B57DFE-4BA6-4C58-9A34-BACDEC2606C2}.Release|Any CPU.ActiveCfg = Release|Any CPU
		{08B57DFE-4BA6-4C58-9A34-BACDEC2606C2}.Release|Any CPU.Build.0 = Release|Any CPU
		{DC144D7F-F09C-41A8-92A0-5FBCC95D36A7}.Debug|Any CPU.ActiveCfg = Debug|Any CPU
		{DC144D7F-F09C-41A8-92A0-5FBCC95D36A7}.Debug|Any CPU.Build.0 = Debug|Any CPU
		{DC144D7F-F09C-41A8-92A0-5FBCC95D36A7}.Release|Any CPU.ActiveCfg = Release|Any CPU
		{DC144D7F-F09C-41A8-92A0-5FBCC95D36A7}.Release|Any CPU.Build.0 = Release|Any CPU
		{41C8C99F-74BB-4972-AF15-4BDC7AB2ABFC}.Debug|Any CPU.ActiveCfg = Debug|Any CPU
		{41C8C99F-74BB-4972-AF15-4BDC7AB2ABFC}.Debug|Any CPU.Build.0 = Debug|Any CPU
		{41C8C99F-74BB-4972-AF15-4BDC7AB2ABFC}.Release|Any CPU.ActiveCfg = Release|Any CPU
		{41C8C99F-74BB-4972-AF15-4BDC7AB2ABFC}.Release|Any CPU.Build.0 = Release|Any CPU
	EndGlobalSection
	GlobalSection(NestedProjects) = preSolution
		{10E010D1-C015-4425-A80D-33BBA6E5C6F1} = {8F36D3E2-EDE7-4D35-ADE5-1DDDE55E97AC}
		{08B57DFE-4BA6-4C58-9A34-BACDEC2606C2} = {8F36D3E2-EDE7-4D35-ADE5-1DDDE55E97AC}
		{DC144D7F-F09C-41A8-92A0-5FBCC95D36A7} = {E25EB0CC-60F9-44EB-A954-EEFD8DCED7C2}
		{41C8C99F-74BB-4972-AF15-4BDC7AB2ABFC} = {E9E9BC2A-D635-464A-A8EB-910781520E87}
	EndGlobalSection
EndGlobal
